// !$*UTF8*$!
{
	archiveVersion = 1;
	classes = {
	};
	objectVersion = 46;
	objects = {

/* Begin PBXBuildFile section */
		088E47361C80F6370069C6FD /* AppDelegate.swift in Sources */ = {isa = PBXBuildFile; fileRef = 088E47351C80F6370069C6FD /* AppDelegate.swift */; };
		088E47381C80F6370069C6FD /* ViewController.swift in Sources */ = {isa = PBXBuildFile; fileRef = 088E47371C80F6370069C6FD /* ViewController.swift */; };
		088E473B1C80F6370069C6FD /* Main.storyboard in Resources */ = {isa = PBXBuildFile; fileRef = 088E47391C80F6370069C6FD /* Main.storyboard */; };
		088E473D1C80F6370069C6FD /* Assets.xcassets in Resources */ = {isa = PBXBuildFile; fileRef = 088E473C1C80F6370069C6FD /* Assets.xcassets */; };
		088E47401C80F6370069C6FD /* LaunchScreen.storyboard in Resources */ = {isa = PBXBuildFile; fileRef = 088E473E1C80F6370069C6FD /* LaunchScreen.storyboard */; };
		088E474B1C80F6370069C6FD /* sacinhimtestTests.swift in Sources */ = {isa = PBXBuildFile; fileRef = 088E474A1C80F6370069C6FD /* sacinhimtestTests.swift */; };
		088E47561C80F6370069C6FD /* sacinhimtestUITests.swift in Sources */ = {isa = PBXBuildFile; fileRef = 088E47551C80F6370069C6FD /* sacinhimtestUITests.swift */; };
/* End PBXBuildFile section */

/* Begin PBXContainerItemProxy section */
		088E47471C80F6370069C6FD /* PBXContainerItemProxy */ = {
			isa = PBXContainerItemProxy;
			containerPortal = 088E472A1C80F6370069C6FD /* Project object */;
			proxyType = 1;
			remoteGlobalIDString = 088E47311C80F6370069C6FD;
			remoteInfo = sacinhimtest;
		};
		088E47521C80F6370069C6FD /* PBXContainerItemProxy */ = {
			isa = PBXContainerItemProxy;
			containerPortal = 088E472A1C80F6370069C6FD /* Project object */;
			proxyType = 1;
			remoteGlobalIDString = 088E47311C80F6370069C6FD;
			remoteInfo = sacinhimtest;
		};
/* End PBXContainerItemProxy section */

/* Begin PBXFileReference section */
		088E47321C80F6370069C6FD /* sacinhimtest.app */ = {isa = PBXFileReference; explicitFileType = wrapper.application; includeInIndex = 0; path = sacinhimtest.app; sourceTree = BUILT_PRODUCTS_DIR; };
		088E47351C80F6370069C6FD /* AppDelegate.swift */ = {isa = PBXFileReference; lastKnownFileType = sourcecode.swift; path = AppDelegate.swift; sourceTree = "<group>"; };
		088E47371C80F6370069C6FD /* ViewController.swift */ = {isa = PBXFileReference; lastKnownFileType = sourcecode.swift; path = ViewController.swift; sourceTree = "<group>"; };
		088E473A1C80F6370069C6FD /* Base */ = {isa = PBXFileReference; lastKnownFileType = file.storyboard; name = Base; path = Base.lproj/Main.storyboard; sourceTree = "<group>"; };
		088E473C1C80F6370069C6FD /* Assets.xcassets */ = {isa = PBXFileReference; lastKnownFileType = folder.assetcatalog; path = Assets.xcassets; sourceTree = "<group>"; };
		088E473F1C80F6370069C6FD /* Base */ = {isa = PBXFileReference; lastKnownFileType = file.storyboard; name = Base; path = Base.lproj/LaunchScreen.storyboard; sourceTree = "<group>"; };
		088E47411C80F6370069C6FD /* Info.plist */ = {isa = PBXFileReference; lastKnownFileType = text.plist.xml; path = Info.plist; sourceTree = "<group>"; };
		088E47461C80F6370069C6FD /* sacinhimtestTests.xctest */ = {isa = PBXFileReference; explicitFileType = wrapper.cfbundle; includeInIndex = 0; path = sacinhimtestTests.xctest; sourceTree = BUILT_PRODUCTS_DIR; };
		088E474A1C80F6370069C6FD /* sacinhimtestTests.swift */ = {isa = PBXFileReference; lastKnownFileType = sourcecode.swift; path = sacinhimtestTests.swift; sourceTree = "<group>"; };
		088E474C1C80F6370069C6FD /* Info.plist */ = {isa = PBXFileReference; lastKnownFileType = text.plist.xml; path = Info.plist; sourceTree = "<group>"; };
		088E47511C80F6370069C6FD /* sacinhimtestUITests.xctest */ = {isa = PBXFileReference; explicitFileType = wrapper.cfbundle; includeInIndex = 0; path = sacinhimtestUITests.xctest; sourceTree = BUILT_PRODUCTS_DIR; };
		088E47551C80F6370069C6FD /* sacinhimtestUITests.swift */ = {isa = PBXFileReference; lastKnownFileType = sourcecode.swift; path = sacinhimtestUITests.swift; sourceTree = "<group>"; };
		088E47571C80F6370069C6FD /* Info.plist */ = {isa = PBXFileReference; lastKnownFileType = text.plist.xml; path = Info.plist; sourceTree = "<group>"; };
/* End PBXFileReference section */

/* Begin PBXFrameworksBuildPhase section */
		088E472F1C80F6370069C6FD /* Frameworks */ = {
			isa = PBXFrameworksBuildPhase;
			buildActionMask = 2147483647;
			files = (
			);
			runOnlyForDeploymentPostprocessing = 0;
		};
		088E47431C80F6370069C6FD /* Frameworks */ = {
			isa = PBXFrameworksBuildPhase;
			buildActionMask = 2147483647;
			files = (
			);
			runOnlyForDeploymentPostprocessing = 0;
		};
		088E474E1C80F6370069C6FD /* Frameworks */ = {
			isa = PBXFrameworksBuildPhase;
			buildActionMask = 2147483647;
			files = (
			);
			runOnlyForDeploymentPostprocessing = 0;
		};
/* End PBXFrameworksBuildPhase section */

/* Begin PBXGroup section */
		088E47291C80F6370069C6FD = {
			isa = PBXGroup;
			children = (
				088E47341C80F6370069C6FD /* sacinhimtest */,
				088E47491C80F6370069C6FD /* sacinhimtestTests */,
				088E47541C80F6370069C6FD /* sacinhimtestUITests */,
				088E47331C80F6370069C6FD /* Products */,
			);
			sourceTree = "<group>";
		};
		088E47331C80F6370069C6FD /* Products */ = {
			isa = PBXGroup;
			children = (
				088E47321C80F6370069C6FD /* sacinhimtest.app */,
				088E47461C80F6370069C6FD /* sacinhimtestTests.xctest */,
				088E47511C80F6370069C6FD /* sacinhimtestUITests.xctest */,
			);
			name = Products;
			sourceTree = "<group>";
		};
		088E47341C80F6370069C6FD /* sacinhimtest */ = {
			isa = PBXGroup;
			children = (
				088E47351C80F6370069C6FD /* AppDelegate.swift */,
				088E47371C80F6370069C6FD /* ViewController.swift */,
				088E47391C80F6370069C6FD /* Main.storyboard */,
				088E473C1C80F6370069C6FD /* Assets.xcassets */,
				088E473E1C80F6370069C6FD /* LaunchScreen.storyboard */,
				088E47411C80F6370069C6FD /* Info.plist */,
			);
			path = sacinhimtest;
			sourceTree = "<group>";
		};
		088E47491C80F6370069C6FD /* sacinhimtestTests */ = {
			isa = PBXGroup;
			children = (
				088E474A1C80F6370069C6FD /* sacinhimtestTests.swift */,
				088E474C1C80F6370069C6FD /* Info.plist */,
			);
			path = sacinhimtestTests;
			sourceTree = "<group>";
		};
		088E47541C80F6370069C6FD /* sacinhimtestUITests */ = {
			isa = PBXGroup;
			children = (
				088E47551C80F6370069C6FD /* sacinhimtestUITests.swift */,
				088E47571C80F6370069C6FD /* Info.plist */,
			);
			path = sacinhimtestUITests;
			sourceTree = "<group>";
		};
/* End PBXGroup section */

/* Begin PBXNativeTarget section */
		088E47311C80F6370069C6FD /* sacinhimtest */ = {
			isa = PBXNativeTarget;
			buildConfigurationList = 088E475A1C80F6370069C6FD /* Build configuration list for PBXNativeTarget "sacinhimtest" */;
			buildPhases = (
				088E472E1C80F6370069C6FD /* Sources */,
				088E472F1C80F6370069C6FD /* Frameworks */,
				088E47301C80F6370069C6FD /* Resources */,
			);
			buildRules = (
			);
			dependencies = (
			);
			name = sacinhimtest;
			productName = sacinhimtest;
			productReference = 088E47321C80F6370069C6FD /* sacinhimtest.app */;
			productType = "com.apple.product-type.application";
		};
		088E47451C80F6370069C6FD /* sacinhimtestTests */ = {
			isa = PBXNativeTarget;
			buildConfigurationList = 088E475D1C80F6370069C6FD /* Build configuration list for PBXNativeTarget "sacinhimtestTests" */;
			buildPhases = (
				088E47421C80F6370069C6FD /* Sources */,
				088E47431C80F6370069C6FD /* Frameworks */,
				088E47441C80F6370069C6FD /* Resources */,
			);
			buildRules = (
			);
			dependencies = (
				088E47481C80F6370069C6FD /* PBXTargetDependency */,
			);
			name = sacinhimtestTests;
			productName = sacinhimtestTests;
			productReference = 088E47461C80F6370069C6FD /* sacinhimtestTests.xctest */;
			productType = "com.apple.product-type.bundle.unit-test";
		};
		088E47501C80F6370069C6FD /* sacinhimtestUITests */ = {
			isa = PBXNativeTarget;
			buildConfigurationList = 088E47601C80F6370069C6FD /* Build configuration list for PBXNativeTarget "sacinhimtestUITests" */;
			buildPhases = (
				088E474D1C80F6370069C6FD /* Sources */,
				088E474E1C80F6370069C6FD /* Frameworks */,
				088E474F1C80F6370069C6FD /* Resources */,
			);
			buildRules = (
			);
			dependencies = (
				088E47531C80F6370069C6FD /* PBXTargetDependency */,
			);
			name = sacinhimtestUITests;
			productName = sacinhimtestUITests;
			productReference = 088E47511C80F6370069C6FD /* sacinhimtestUITests.xctest */;
			productType = "com.apple.product-type.bundle.ui-testing";
		};
/* End PBXNativeTarget section */

/* Begin PBXProject section */
		088E472A1C80F6370069C6FD /* Project object */ = {
			isa = PBXProject;
			attributes = {
				LastUpgradeCheck = 0700;
				ORGANIZATIONNAME = Quynh;
				TargetAttributes = {
					088E47311C80F6370069C6FD = {
						CreatedOnToolsVersion = 7.0.1;
						DevelopmentTeam = R94F524VGS;
					};
					088E47451C80F6370069C6FD = {
						CreatedOnToolsVersion = 7.0.1;
						DevelopmentTeam = R94F524VGS;
						TestTargetID = 088E47311C80F6370069C6FD;
					};
					088E47501C80F6370069C6FD = {
						CreatedOnToolsVersion = 7.0.1;
						DevelopmentTeam = R94F524VGS;
						TestTargetID = 088E47311C80F6370069C6FD;
					};
				};
			};
			buildConfigurationList = 088E472D1C80F6370069C6FD /* Build configuration list for PBXProject "sacinhimtest" */;
			compatibilityVersion = "Xcode 3.2";
			developmentRegion = English;
			hasScannedForEncodings = 0;
			knownRegions = (
				en,
				Base,
			);
			mainGroup = 088E47291C80F6370069C6FD;
			productRefGroup = 088E47331C80F6370069C6FD /* Products */;
			projectDirPath = "";
			projectRoot = "";
			targets = (
				088E47311C80F6370069C6FD /* sacinhimtest */,
				088E47451C80F6370069C6FD /* sacinhimtestTests */,
				088E47501C80F6370069C6FD /* sacinhimtestUITests */,
			);
		};
/* End PBXProject section */

/* Begin PBXResourcesBuildPhase section */
		088E47301C80F6370069C6FD /* Resources */ = {
			isa = PBXResourcesBuildPhase;
			buildActionMask = 2147483647;
			files = (
				088E47401C80F6370069C6FD /* LaunchScreen.storyboard in Resources */,
				088E473D1C80F6370069C6FD /* Assets.xcassets in Resources */,
				088E473B1C80F6370069C6FD /* Main.storyboard in Resources */,
			);
			runOnlyForDeploymentPostprocessing = 0;
		};
		088E47441C80F6370069C6FD /* Resources */ = {
			isa = PBXResourcesBuildPhase;
			buildActionMask = 2147483647;
			files = (
			);
			runOnlyForDeploymentPostprocessing = 0;
		};
		088E474F1C80F6370069C6FD /* Resources */ = {
			isa = PBXResourcesBuildPhase;
			buildActionMask = 2147483647;
			files = (
			);
			runOnlyForDeploymentPostprocessing = 0;
		};
/* End PBXResourcesBuildPhase section */

/* Begin PBXSourcesBuildPhase section */
		088E472E1C80F6370069C6FD /* Sources */ = {
			isa = PBXSourcesBuildPhase;
			buildActionMask = 2147483647;
			files = (
				088E47381C80F6370069C6FD /* ViewController.swift in Sources */,
				088E47361C80F6370069C6FD /* AppDelegate.swift in Sources */,
			);
			runOnlyForDeploymentPostprocessing = 0;
		};
		088E47421C80F6370069C6FD /* Sources */ = {
			isa = PBXSourcesBuildPhase;
			buildActionMask = 2147483647;
			files = (
				088E474B1C80F6370069C6FD /* sacinhimtestTests.swift in Sources */,
			);
			runOnlyForDeploymentPostprocessing = 0;
		};
		088E474D1C80F6370069C6FD /* Sources */ = {
			isa = PBXSourcesBuildPhase;
			buildActionMask = 2147483647;
			files = (
				088E47561C80F6370069C6FD /* sacinhimtestUITests.swift in Sources */,
			);
			runOnlyForDeploymentPostprocessing = 0;
		};
/* End PBXSourcesBuildPhase section */

/* Begin PBXTargetDependency section */
		088E47481C80F6370069C6FD /* PBXTargetDependency */ = {
			isa = PBXTargetDependency;
			target = 088E47311C80F6370069C6FD /* sacinhimtest */;
			targetProxy = 088E47471C80F6370069C6FD /* PBXContainerItemProxy */;
		};
		088E47531C80F6370069C6FD /* PBXTargetDependency */ = {
			isa = PBXTargetDependency;
			target = 088E47311C80F6370069C6FD /* sacinhimtest */;
			targetProxy = 088E47521C80F6370069C6FD /* PBXContainerItemProxy */;
		};
/* End PBXTargetDependency section */

/* Begin PBXVariantGroup section */
		088E47391C80F6370069C6FD /* Main.storyboard */ = {
			isa = PBXVariantGroup;
			children = (
				088E473A1C80F6370069C6FD /* Base */,
			);
			name = Main.storyboard;
			sourceTree = "<group>";
		};
		088E473E1C80F6370069C6FD /* LaunchScreen.storyboard */ = {
			isa = PBXVariantGroup;
			children = (
				088E473F1C80F6370069C6FD /* Base */,
			);
			name = LaunchScreen.storyboard;
			sourceTree = "<group>";
		};
/* End PBXVariantGroup section */

/* Begin XCBuildConfiguration section */
		088E47581C80F6370069C6FD /* Debug */ = {
			isa = XCBuildConfiguration;
			buildSettings = {
				ALWAYS_SEARCH_USER_PATHS = NO;
				CLANG_CXX_LANGUAGE_STANDARD = "gnu++0x";
				CLANG_CXX_LIBRARY = "libc++";
				CLANG_ENABLE_MODULES = YES;
				CLANG_ENABLE_OBJC_ARC = YES;
				CLANG_WARN_BOOL_CONVERSION = YES;
				CLANG_WARN_CONSTANT_CONVERSION = YES;
				CLANG_WARN_DIRECT_OBJC_ISA_USAGE = YES_ERROR;
				CLANG_WARN_EMPTY_BODY = YES;
				CLANG_WARN_ENUM_CONVERSION = YES;
				CLANG_WARN_INT_CONVERSION = YES;
				CLANG_WARN_OBJC_ROOT_CLASS = YES_ERROR;
				CLANG_WARN_UNREACHABLE_CODE = YES;
				CLANG_WARN__DUPLICATE_METHOD_MATCH = YES;
				"CODE_SIGN_IDENTITY[sdk=iphoneos*]" = "iPhone Developer";
				COPY_PHASE_STRIP = NO;
				DEBUG_INFORMATION_FORMAT = dwarf;
				ENABLE_STRICT_OBJC_MSGSEND = YES;
				ENABLE_TESTABILITY = YES;
				GCC_C_LANGUAGE_STANDARD = gnu99;
				GCC_DYNAMIC_NO_PIC = NO;
				GCC_NO_COMMON_BLOCKS = YES;
				GCC_OPTIMIZATION_LEVEL = 0;
				GCC_PREPROCESSOR_DEFINITIONS = (
					"DEBUG=1",
					"$(inherited)",
				);
				GCC_WARN_64_TO_32_BIT_CONVERSION = YES;
				GCC_WARN_ABOUT_RETURN_TYPE = YES_ERROR;
				GCC_WARN_UNDECLARED_SELECTOR = YES;
				GCC_WARN_UNINITIALIZED_AUTOS = YES_AGGRESSIVE;
				GCC_WARN_UNUSED_FUNCTION = YES;
				GCC_WARN_UNUSED_VARIABLE = YES;
				IPHONEOS_DEPLOYMENT_TARGET = 9.0;
				MTL_ENABLE_DEBUG_INFO = YES;
				ONLY_ACTIVE_ARCH = YES;
				SDKROOT = iphoneos;
				SWIFT_OPTIMIZATION_LEVEL = "-Onone";
			};
			name = Debug;
		};
		088E47591C80F6370069C6FD /* Release */ = {
			isa = XCBuildConfiguration;
			buildSettings = {
				ALWAYS_SEARCH_USER_PATHS = NO;
				CLANG_CXX_LANGUAGE_STANDARD = "gnu++0x";
				CLANG_CXX_LIBRARY = "libc++";
				CLANG_ENABLE_MODULES = YES;
				CLANG_ENABLE_OBJC_ARC = YES;
				CLANG_WARN_BOOL_CONVERSION = YES;
				CLANG_WARN_CONSTANT_CONVERSION = YES;
				CLANG_WARN_DIRECT_OBJC_ISA_USAGE = YES_ERROR;
				CLANG_WARN_EMPTY_BODY = YES;
				CLANG_WARN_ENUM_CONVERSION = YES;
				CLANG_WARN_INT_CONVERSION = YES;
				CLANG_WARN_OBJC_ROOT_CLASS = YES_ERROR;
				CLANG_WARN_UNREACHABLE_CODE = YES;
				CLANG_WARN__DUPLICATE_METHOD_MATCH = YES;
				"CODE_SIGN_IDENTITY[sdk=iphoneos*]" = "iPhone Developer";
				COPY_PHASE_STRIP = NO;
				DEBUG_INFORMATION_FORMAT = "dwarf-with-dsym";
				ENABLE_NS_ASSERTIONS = NO;
				ENABLE_STRICT_OBJC_MSGSEND = YES;
				GCC_C_LANGUAGE_STANDARD = gnu99;
				GCC_NO_COMMON_BLOCKS = YES;
				GCC_WARN_64_TO_32_BIT_CONVERSION = YES;
				GCC_WARN_ABOUT_RETURN_TYPE = YES_ERROR;
				GCC_WARN_UNDECLARED_SELECTOR = YES;
				GCC_WARN_UNINITIALIZED_AUTOS = YES_AGGRESSIVE;
				GCC_WARN_UNUSED_FUNCTION = YES;
				GCC_WARN_UNUSED_VARIABLE = YES;
				IPHONEOS_DEPLOYMENT_TARGET = 9.0;
				MTL_ENABLE_DEBUG_INFO = NO;
				SDKROOT = iphoneos;
				VALIDATE_PRODUCT = YES;
			};
			name = Release;
		};
		088E475B1C80F6370069C6FD /* Debug */ = {
			isa = XCBuildConfiguration;
			buildSettings = {
				ASSETCATALOG_COMPILER_APPICON_NAME = AppIcon;
				INFOPLIST_FILE = sacinhimtest/Info.plist;
				LD_RUNPATH_SEARCH_PATHS = "$(inherited) @executable_path/Frameworks";
				PRODUCT_BUNDLE_IDENTIFIER = com.Nhimo.sacinhimtest;
				PRODUCT_NAME = "$(TARGET_NAME)";
			};
			name = Debug;
		};
		088E475C1C80F6370069C6FD /* Release */ = {
			isa = XCBuildConfiguration;
			buildSettings = {
				ASSETCATALOG_COMPILER_APPICON_NAME = AppIcon;
				INFOPLIST_FILE = sacinhimtest/Info.plist;
				LD_RUNPATH_SEARCH_PATHS = "$(inherited) @executable_path/Frameworks";
				PRODUCT_BUNDLE_IDENTIFIER = com.Nhimo.sacinhimtest;
				PRODUCT_NAME = "$(TARGET_NAME)";
			};
			name = Release;
		};
		088E475E1C80F6370069C6FD /* Debug */ = {
			isa = XCBuildConfiguration;
			buildSettings = {
				BUNDLE_LOADER = "$(TEST_HOST)";
				INFOPLIST_FILE = sacinhimtestTests/Info.plist;
				LD_RUNPATH_SEARCH_PATHS = "$(inherited) @executable_path/Frameworks @loader_path/Frameworks";
				PRODUCT_BUNDLE_IDENTIFIER = com.Nhimo.sacinhimtestTests;
				PRODUCT_NAME = "$(TARGET_NAME)";
				TEST_HOST = "$(BUILT_PRODUCTS_DIR)/sacinhimtest.app/sacinhimtest";
			};
			name = Debug;
		};
		088E475F1C80F6370069C6FD /* Release */ = {
			isa = XCBuildConfiguration;
			buildSettings = {
				BUNDLE_LOADER = "$(TEST_HOST)";
				INFOPLIST_FILE = sacinhimtestTests/Info.plist;
				LD_RUNPATH_SEARCH_PATHS = "$(inherited) @executable_path/Frameworks @loader_path/Frameworks";
				PRODUCT_BUNDLE_IDENTIFIER = com.Nhimo.sacinhimtestTests;
				PRODUCT_NAME = "$(TARGET_NAME)";
				TEST_HOST = "$(BUILT_PRODUCTS_DIR)/sacinhimtest.app/sacinhimtest";
			};
			name = Release;
		};
		088E47611C80F6370069C6FD /* Debug */ = {
			isa = XCBuildConfiguration;
			buildSettings = {
				INFOPLIST_FILE = sacinhimtestUITests/Info.plist;
				LD_RUNPATH_SEARCH_PATHS = "$(inherited) @executable_path/Frameworks @loader_path/Frameworks";
				PRODUCT_BUNDLE_IDENTIFIER = com.Nhimo.sacinhimtestUITests;
				PRODUCT_NAME = "$(TARGET_NAME)";
				TEST_TARGET_NAME = sacinhimtest;
				USES_XCTRUNNER = YES;
			};
			name = Debug;
		};
		088E47621C80F6370069C6FD /* Release */ = {
			isa = XCBuildConfiguration;
			buildSettings = {
				INFOPLIST_FILE = sacinhimtestUITests/Info.plist;
				LD_RUNPATH_SEARCH_PATHS = "$(inherited) @executable_path/Frameworks @loader_path/Frameworks";
				PRODUCT_BUNDLE_IDENTIFIER = com.Nhimo.sacinhimtestUITests;
				PRODUCT_NAME = "$(TARGET_NAME)";
				TEST_TARGET_NAME = sacinhimtest;
				USES_XCTRUNNER = YES;
			};
			name = Release;
		};
/* End XCBuildConfiguration section */

/* Begin XCConfigurationList section */
		088E472D1C80F6370069C6FD /* Build configuration list for PBXProject "sacinhimtest" */ = {
			isa = XCConfigurationList;
			buildConfigurations = (
				088E47581C80F6370069C6FD /* Debug */,
				088E47591C80F6370069C6FD /* Release */,
			);
			defaultConfigurationIsVisible = 0;
			defaultConfigurationName = Release;
		};
		088E475A1C80F6370069C6FD /* Build configuration list for PBXNativeTarget "sacinhimtest" */ = {
			isa = XCConfigurationList;
			buildConfigurations = (
				088E475B1C80F6370069C6FD /* Debug */,
				088E475C1C80F6370069C6FD /* Release */,
			);
			defaultConfigurationIsVisible = 0;
		};
		088E475D1C80F6370069C6FD /* Build configuration list for PBXNativeTarget "sacinhimtestTests" */ = {
			isa = XCConfigurationList;
			buildConfigurations = (
				088E475E1C80F6370069C6FD /* Debug */,
				088E475F1C80F6370069C6FD /* Release */,
			);
			defaultConfigurationIsVisible = 0;
		};
		088E47601C80F6370069C6FD /* Build configuration list for PBXNativeTarget "sacinhimtestUITests" */ = {
			isa = XCConfigurationList;
			buildConfigurations = (
				088E47611C80F6370069C6FD /* Debug */,
				088E47621C80F6370069C6FD /* Release */,
			);
			defaultConfigurationIsVisible = 0;
		};
/* End XCConfigurationList section */
	};
	rootObject = 088E472A1C80F6370069C6FD /* Project object */;
}
